
Microsoft Visual Studio Solution File, Format Version 12.00
# Visual Studio Version 17
VisualStudioVersion = 17.9.34728.123
MinimumVisualStudioVersion = 10.0.40219.1
Project("{FAE04EC0-301F-11D3-BF4B-00C04F79EFBC}") = "RoomBookingApp.Core.Tests", "RoomBookingApp\RoomBookingApp.Core.Tests.csproj", "{021D0EBE-F622-41A8-928B-F8319154A95A}"
EndProject
Project("{FAE04EC0-301F-11D3-BF4B-00C04F79EFBC}") = "RoomBookingApp.Core", "RoomBookingApp.Core\RoomBookingApp.Core.csproj", "{5084DBAF-3638-4039-8852-E22E77151E86}"
EndProject
Global
	GlobalSection(SolutionConfigurationPlatforms) = preSolution
		Debug|Any CPU = Debug|Any CPU
		Release|Any CPU = Release|Any CPU
	EndGlobalSection
	GlobalSection(ProjectConfigurationPlatforms) = postSolution
		{021D0EBE-F622-41A8-928B-F8319154A95A}.Debug|Any CPU.ActiveCfg = Debug|Any CPU
		{021D0EBE-F622-41A8-928B-F8319154A95A}.Debug|Any CPU.Build.0 = Debug|Any CPU
		{021D0EBE-F622-41A8-928B-F8319154A95A}.Release|Any CPU.ActiveCfg = Release|Any CPU
		{021D0EBE-F622-41A8-928B-F8319154A95A}.Release|Any CPU.Build.0 = Release|Any CPU
		{5084DBAF-3638-4039-8852-E22E77151E86}.Debug|Any CPU.ActiveCfg = Debug|Any CPU
		{5084DBAF-3638-4039-8852-E22E77151E86}.Debug|Any CPU.Build.0 = Debug|Any CPU
		{5084DBAF-3638-4039-8852-E22E77151E86}.Release|Any CPU.ActiveCfg = Release|Any CPU
		{5084DBAF-3638-4039-8852-E22E77151E86}.Release|Any CPU.Build.0 = Release|Any CPU
	EndGlobalSection
	GlobalSection(SolutionProperties) = preSolution
		HideSolutionNode = FALSE
	EndGlobalSection
	GlobalSection(ExtensibilityGlobals) = postSolution
		SolutionGuid = {C77FB9DE-1F80-4290-A91E-C4482A5CDE16}
	EndGlobalSection
EndGlobal
